// !$*UTF8*$!
{
	archiveVersion = 1;
	classes = {
	};
	objectVersion = 55;
	objects = {

/* Begin PBXBuildFile section */
		00BD3B5A2ABB6C9100AB67B3 /* OnboardingInteractor.swift in Sources */ = {isa = PBXBuildFile; fileRef = 00BD3B592ABB6C9100AB67B3 /* OnboardingInteractor.swift */; };
		00BD3B5C2ABB6C9C00AB67B3 /* OnboardingPresenter.swift in Sources */ = {isa = PBXBuildFile; fileRef = 00BD3B5B2ABB6C9C00AB67B3 /* OnboardingPresenter.swift */; };
		00BD3B5E2ABB756300AB67B3 /* OnboardingBuilder.swift in Sources */ = {isa = PBXBuildFile; fileRef = 00BD3B5D2ABB756300AB67B3 /* OnboardingBuilder.swift */; };
		440607172AE06A5000EE8807 /* LoginRouter.swift in Sources */ = {isa = PBXBuildFile; fileRef = 440607162AE06A4F00EE8807 /* LoginRouter.swift */; };
		440607192AE06CF900EE8807 /* RegistrationRouter.swift in Sources */ = {isa = PBXBuildFile; fileRef = 440607182AE06CF900EE8807 /* RegistrationRouter.swift */; };
		4406071B2AE06FEB00EE8807 /* OnboardingRouter.swift in Sources */ = {isa = PBXBuildFile; fileRef = 4406071A2AE06FEB00EE8807 /* OnboardingRouter.swift */; };
		4406071D2AE0727800EE8807 /* ForgotPasswordRouter.swift in Sources */ = {isa = PBXBuildFile; fileRef = 4406071C2AE0727800EE8807 /* ForgotPasswordRouter.swift */; };
		44C6148D2ACB6C5400162DA9 /* LoginViewController.swift in Sources */ = {isa = PBXBuildFile; fileRef = 44C6148C2ACB6C5400162DA9 /* LoginViewController.swift */; };
		44C6148F2ACB6CC900162DA9 /* RegistrationViewController.swift in Sources */ = {isa = PBXBuildFile; fileRef = 44C6148E2ACB6CC900162DA9 /* RegistrationViewController.swift */; };
		44C614912ACB6CE500162DA9 /* ForgotPasswordViewController.swift in Sources */ = {isa = PBXBuildFile; fileRef = 44C614902ACB6CE500162DA9 /* ForgotPasswordViewController.swift */; };
		44C614932ACB6D1C00162DA9 /* AuthHeaderView.swift in Sources */ = {isa = PBXBuildFile; fileRef = 44C614922ACB6D1C00162DA9 /* AuthHeaderView.swift */; };
		44C614952ACB6D3300162DA9 /* AuthTextField.swift in Sources */ = {isa = PBXBuildFile; fileRef = 44C614942ACB6D3300162DA9 /* AuthTextField.swift */; };
		44C614972ACB6D4E00162DA9 /* AuthButton.swift in Sources */ = {isa = PBXBuildFile; fileRef = 44C614962ACB6D4E00162DA9 /* AuthButton.swift */; };
		44C6149A2ACB6D8700162DA9 /* RegisterUserCredentials.swift in Sources */ = {isa = PBXBuildFile; fileRef = 44C614992ACB6D8700162DA9 /* RegisterUserCredentials.swift */; };
		44C6149C2ACB6D9C00162DA9 /* LoginUserCredentials.swift in Sources */ = {isa = PBXBuildFile; fileRef = 44C6149B2ACB6D9C00162DA9 /* LoginUserCredentials.swift */; };
		44C6149F2ACB6DDF00162DA9 /* WebViewController.swift in Sources */ = {isa = PBXBuildFile; fileRef = 44C6149E2ACB6DDF00162DA9 /* WebViewController.swift */; };
		44C614A32ACB6EB700162DA9 /* User.swift in Sources */ = {isa = PBXBuildFile; fileRef = 44C614A22ACB6EB700162DA9 /* User.swift */; };
		44C614A52ACB6EC800162DA9 /* AlertManager.swift in Sources */ = {isa = PBXBuildFile; fileRef = 44C614A42ACB6EC800162DA9 /* AlertManager.swift */; };
		44C614A72ACB6EF000162DA9 /* Validator.swift in Sources */ = {isa = PBXBuildFile; fileRef = 44C614A62ACB6EF000162DA9 /* Validator.swift */; };
		44C614B12ACE0D3F00162DA9 /* LoginInteractor.swift in Sources */ = {isa = PBXBuildFile; fileRef = 44C614B02ACE0D3E00162DA9 /* LoginInteractor.swift */; };
		44C614B32ACE0D5000162DA9 /* LoginPresenter.swift in Sources */ = {isa = PBXBuildFile; fileRef = 44C614B22ACE0D4F00162DA9 /* LoginPresenter.swift */; };
		44C614B62ACE150900162DA9 /* LoginBuilder.swift in Sources */ = {isa = PBXBuildFile; fileRef = 44C614B52ACE150900162DA9 /* LoginBuilder.swift */; };
		44DD0B4A2AD20130005019B6 /* RegistrationInteractor.swift in Sources */ = {isa = PBXBuildFile; fileRef = 44DD0B492AD2012F005019B6 /* RegistrationInteractor.swift */; };
		44DD0B4C2AD20152005019B6 /* RegistrationPresenter.swift in Sources */ = {isa = PBXBuildFile; fileRef = 44DD0B4B2AD20152005019B6 /* RegistrationPresenter.swift */; };
		44DD0B4F2AD209B4005019B6 /* RegistrationBuilder.swift in Sources */ = {isa = PBXBuildFile; fileRef = 44DD0B4E2AD209B4005019B6 /* RegistrationBuilder.swift */; };
		44DD0B512AD20B4F005019B6 /* ForgorPasswordInteractor.swift in Sources */ = {isa = PBXBuildFile; fileRef = 44DD0B502AD20B4F005019B6 /* ForgorPasswordInteractor.swift */; };
		44DD0B532AD20B61005019B6 /* ForgotPasswordPresenter.swift in Sources */ = {isa = PBXBuildFile; fileRef = 44DD0B522AD20B61005019B6 /* ForgotPasswordPresenter.swift */; };
		44DD0B552AD20C32005019B6 /* ForgotPasswordBuilder.swift in Sources */ = {isa = PBXBuildFile; fileRef = 44DD0B542AD20C32005019B6 /* ForgotPasswordBuilder.swift */; };
		44DD0B582AD2CF7B005019B6 /* ProfileInteractor.swift in Sources */ = {isa = PBXBuildFile; fileRef = 44DD0B572AD2CF7B005019B6 /* ProfileInteractor.swift */; };
		44DD0B5A2AD2CF97005019B6 /* ProfilePresenter.swift in Sources */ = {isa = PBXBuildFile; fileRef = 44DD0B592AD2CF97005019B6 /* ProfilePresenter.swift */; };
		44DD0B5D2AD2D2D0005019B6 /* ProfileBuilder.swift in Sources */ = {isa = PBXBuildFile; fileRef = 44DD0B5C2AD2D2CF005019B6 /* ProfileBuilder.swift */; };
		44DD0B772ADDD761005019B6 /* Errors.swift in Sources */ = {isa = PBXBuildFile; fileRef = 44DD0B762ADDD761005019B6 /* Errors.swift */; };
		44DD0B792ADF2CE5005019B6 /* Extensions.swift in Sources */ = {isa = PBXBuildFile; fileRef = 44DD0B782ADF2CE5005019B6 /* Extensions.swift */; };
		44DF3CA32A9697C200DC27E5 /* AppDelegate.swift in Sources */ = {isa = PBXBuildFile; fileRef = 44DF3CA22A9697C200DC27E5 /* AppDelegate.swift */; };
		44DF3CA52A9697C200DC27E5 /* SceneDelegate.swift in Sources */ = {isa = PBXBuildFile; fileRef = 44DF3CA42A9697C200DC27E5 /* SceneDelegate.swift */; };
		44DF3CAC2A9697C800DC27E5 /* Assets.xcassets in Resources */ = {isa = PBXBuildFile; fileRef = 44DF3CAB2A9697C800DC27E5 /* Assets.xcassets */; };
		44DF3CAF2A9697C800DC27E5 /* LaunchScreen.storyboard in Resources */ = {isa = PBXBuildFile; fileRef = 44DF3CAD2A9697C800DC27E5 /* LaunchScreen.storyboard */; };
		44DF3CB92A969BF800DC27E5 /* GoogleService-Info.plist in Resources */ = {isa = PBXBuildFile; fileRef = 44DF3CB82A969BF800DC27E5 /* GoogleService-Info.plist */; };
		44DF3CBD2A9A1C9200DC27E5 /* MainTabBabViewController.swift in Sources */ = {isa = PBXBuildFile; fileRef = 44DF3CBC2A9A1C9200DC27E5 /* MainTabBabViewController.swift */; };
		44DF3CE12A9D463C00DC27E5 /* JournalViewController.swift in Sources */ = {isa = PBXBuildFile; fileRef = 44DF3CE02A9D463C00DC27E5 /* JournalViewController.swift */; };
		44DF3CE32A9D464900DC27E5 /* MapViewController.swift in Sources */ = {isa = PBXBuildFile; fileRef = 44DF3CE22A9D464900DC27E5 /* MapViewController.swift */; };
		44DF3CE52A9D465200DC27E5 /* ProfileViewController.swift in Sources */ = {isa = PBXBuildFile; fileRef = 44DF3CE42A9D465200DC27E5 /* ProfileViewController.swift */; };
		44DF3CE72AB01BB100DC27E5 /* OnboardingViewController.swift in Sources */ = {isa = PBXBuildFile; fileRef = 44DF3CE62AB01BB000DC27E5 /* OnboardingViewController.swift */; };
		44DF3CE92AB0DBA500DC27E5 /* OnboardingCollectionViewCell.swift in Sources */ = {isa = PBXBuildFile; fileRef = 44DF3CE82AB0DBA500DC27E5 /* OnboardingCollectionViewCell.swift */; };
		44DF3CEB2AB0E68800DC27E5 /* OnboardingInfo.swift in Sources */ = {isa = PBXBuildFile; fileRef = 44DF3CEA2AB0E68800DC27E5 /* OnboardingInfo.swift */; };
		44DF3CED2AB0FE6100DC27E5 /* SetupService.swift in Sources */ = {isa = PBXBuildFile; fileRef = 44DF3CEC2AB0FE6000DC27E5 /* SetupService.swift */; };
		44DF3CF02AB22C9400DC27E5 /* AuthService.swift in Sources */ = {isa = PBXBuildFile; fileRef = 44DF3CEF2AB22C9400DC27E5 /* AuthService.swift */; };
		44DF3CF22AB2312700DC27E5 /* DI.swift in Sources */ = {isa = PBXBuildFile; fileRef = 44DF3CF12AB2312700DC27E5 /* DI.swift */; };
		EAD1F7A47142A6C31606AAF7 /* Pods_autoService.framework in Frameworks */ = {isa = PBXBuildFile; fileRef = D14D6A0C1732B055E7002A66 /* Pods_autoService.framework */; };
/* End PBXBuildFile section */

/* Begin PBXFileReference section */
		00BD3B592ABB6C9100AB67B3 /* OnboardingInteractor.swift */ = {isa = PBXFileReference; lastKnownFileType = sourcecode.swift; path = OnboardingInteractor.swift; sourceTree = "<group>"; };
		00BD3B5B2ABB6C9C00AB67B3 /* OnboardingPresenter.swift */ = {isa = PBXFileReference; lastKnownFileType = sourcecode.swift; path = OnboardingPresenter.swift; sourceTree = "<group>"; };
		00BD3B5D2ABB756300AB67B3 /* OnboardingBuilder.swift */ = {isa = PBXFileReference; lastKnownFileType = sourcecode.swift; path = OnboardingBuilder.swift; sourceTree = "<group>"; };
		1CFC5FE41DBDB72DEABDE40A /* Pods-autoService.debug.xcconfig */ = {isa = PBXFileReference; includeInIndex = 1; lastKnownFileType = text.xcconfig; name = "Pods-autoService.debug.xcconfig"; path = "Target Support Files/Pods-autoService/Pods-autoService.debug.xcconfig"; sourceTree = "<group>"; };
		440607162AE06A4F00EE8807 /* LoginRouter.swift */ = {isa = PBXFileReference; lastKnownFileType = sourcecode.swift; path = LoginRouter.swift; sourceTree = "<group>"; };
		440607182AE06CF900EE8807 /* RegistrationRouter.swift */ = {isa = PBXFileReference; lastKnownFileType = sourcecode.swift; path = RegistrationRouter.swift; sourceTree = "<group>"; };
		4406071A2AE06FEB00EE8807 /* OnboardingRouter.swift */ = {isa = PBXFileReference; lastKnownFileType = sourcecode.swift; path = OnboardingRouter.swift; sourceTree = "<group>"; };
		4406071C2AE0727800EE8807 /* ForgotPasswordRouter.swift */ = {isa = PBXFileReference; lastKnownFileType = sourcecode.swift; path = ForgotPasswordRouter.swift; sourceTree = "<group>"; };
		44C6148C2ACB6C5400162DA9 /* LoginViewController.swift */ = {isa = PBXFileReference; lastKnownFileType = sourcecode.swift; path = LoginViewController.swift; sourceTree = "<group>"; };
		44C6148E2ACB6CC900162DA9 /* RegistrationViewController.swift */ = {isa = PBXFileReference; lastKnownFileType = sourcecode.swift; path = RegistrationViewController.swift; sourceTree = "<group>"; };
		44C614902ACB6CE500162DA9 /* ForgotPasswordViewController.swift */ = {isa = PBXFileReference; lastKnownFileType = sourcecode.swift; path = ForgotPasswordViewController.swift; sourceTree = "<group>"; };
		44C614922ACB6D1C00162DA9 /* AuthHeaderView.swift */ = {isa = PBXFileReference; lastKnownFileType = sourcecode.swift; path = AuthHeaderView.swift; sourceTree = "<group>"; };
		44C614942ACB6D3300162DA9 /* AuthTextField.swift */ = {isa = PBXFileReference; lastKnownFileType = sourcecode.swift; path = AuthTextField.swift; sourceTree = "<group>"; };
		44C614962ACB6D4E00162DA9 /* AuthButton.swift */ = {isa = PBXFileReference; lastKnownFileType = sourcecode.swift; path = AuthButton.swift; sourceTree = "<group>"; };
		44C614992ACB6D8700162DA9 /* RegisterUserCredentials.swift */ = {isa = PBXFileReference; lastKnownFileType = sourcecode.swift; path = RegisterUserCredentials.swift; sourceTree = "<group>"; };
		44C6149B2ACB6D9C00162DA9 /* LoginUserCredentials.swift */ = {isa = PBXFileReference; lastKnownFileType = sourcecode.swift; path = LoginUserCredentials.swift; sourceTree = "<group>"; };
		44C6149E2ACB6DDF00162DA9 /* WebViewController.swift */ = {isa = PBXFileReference; lastKnownFileType = sourcecode.swift; path = WebViewController.swift; sourceTree = "<group>"; };
		44C614A22ACB6EB700162DA9 /* User.swift */ = {isa = PBXFileReference; lastKnownFileType = sourcecode.swift; path = User.swift; sourceTree = "<group>"; };
		44C614A42ACB6EC800162DA9 /* AlertManager.swift */ = {isa = PBXFileReference; lastKnownFileType = sourcecode.swift; path = AlertManager.swift; sourceTree = "<group>"; };
		44C614A62ACB6EF000162DA9 /* Validator.swift */ = {isa = PBXFileReference; lastKnownFileType = sourcecode.swift; path = Validator.swift; sourceTree = "<group>"; };
		44C614B02ACE0D3E00162DA9 /* LoginInteractor.swift */ = {isa = PBXFileReference; lastKnownFileType = sourcecode.swift; path = LoginInteractor.swift; sourceTree = "<group>"; };
		44C614B22ACE0D4F00162DA9 /* LoginPresenter.swift */ = {isa = PBXFileReference; lastKnownFileType = sourcecode.swift; path = LoginPresenter.swift; sourceTree = "<group>"; };
		44C614B52ACE150900162DA9 /* LoginBuilder.swift */ = {isa = PBXFileReference; lastKnownFileType = sourcecode.swift; path = LoginBuilder.swift; sourceTree = "<group>"; };
		44DD0B492AD2012F005019B6 /* RegistrationInteractor.swift */ = {isa = PBXFileReference; lastKnownFileType = sourcecode.swift; path = RegistrationInteractor.swift; sourceTree = "<group>"; };
		44DD0B4B2AD20152005019B6 /* RegistrationPresenter.swift */ = {isa = PBXFileReference; lastKnownFileType = sourcecode.swift; path = RegistrationPresenter.swift; sourceTree = "<group>"; };
		44DD0B4E2AD209B4005019B6 /* RegistrationBuilder.swift */ = {isa = PBXFileReference; lastKnownFileType = sourcecode.swift; path = RegistrationBuilder.swift; sourceTree = "<group>"; };
		44DD0B502AD20B4F005019B6 /* ForgorPasswordInteractor.swift */ = {isa = PBXFileReference; lastKnownFileType = sourcecode.swift; path = ForgorPasswordInteractor.swift; sourceTree = "<group>"; };
		44DD0B522AD20B61005019B6 /* ForgotPasswordPresenter.swift */ = {isa = PBXFileReference; lastKnownFileType = sourcecode.swift; path = ForgotPasswordPresenter.swift; sourceTree = "<group>"; };
		44DD0B542AD20C32005019B6 /* ForgotPasswordBuilder.swift */ = {isa = PBXFileReference; lastKnownFileType = sourcecode.swift; path = ForgotPasswordBuilder.swift; sourceTree = "<group>"; };
		44DD0B572AD2CF7B005019B6 /* ProfileInteractor.swift */ = {isa = PBXFileReference; lastKnownFileType = sourcecode.swift; path = ProfileInteractor.swift; sourceTree = "<group>"; };
		44DD0B592AD2CF97005019B6 /* ProfilePresenter.swift */ = {isa = PBXFileReference; lastKnownFileType = sourcecode.swift; path = ProfilePresenter.swift; sourceTree = "<group>"; };
		44DD0B5C2AD2D2CF005019B6 /* ProfileBuilder.swift */ = {isa = PBXFileReference; lastKnownFileType = sourcecode.swift; path = ProfileBuilder.swift; sourceTree = "<group>"; };
		44DD0B762ADDD761005019B6 /* Errors.swift */ = {isa = PBXFileReference; lastKnownFileType = sourcecode.swift; path = Errors.swift; sourceTree = "<group>"; };
		44DD0B782ADF2CE5005019B6 /* Extensions.swift */ = {isa = PBXFileReference; lastKnownFileType = sourcecode.swift; path = Extensions.swift; sourceTree = "<group>"; };
		44DF3C9F2A9697C200DC27E5 /* autoService.app */ = {isa = PBXFileReference; explicitFileType = wrapper.application; includeInIndex = 0; path = autoService.app; sourceTree = BUILT_PRODUCTS_DIR; };
		44DF3CA22A9697C200DC27E5 /* AppDelegate.swift */ = {isa = PBXFileReference; lastKnownFileType = sourcecode.swift; path = AppDelegate.swift; sourceTree = "<group>"; };
		44DF3CA42A9697C200DC27E5 /* SceneDelegate.swift */ = {isa = PBXFileReference; lastKnownFileType = sourcecode.swift; path = SceneDelegate.swift; sourceTree = "<group>"; };
		44DF3CAB2A9697C800DC27E5 /* Assets.xcassets */ = {isa = PBXFileReference; lastKnownFileType = folder.assetcatalog; path = Assets.xcassets; sourceTree = "<group>"; };
		44DF3CAE2A9697C800DC27E5 /* Base */ = {isa = PBXFileReference; lastKnownFileType = file.storyboard; name = Base; path = Base.lproj/LaunchScreen.storyboard; sourceTree = "<group>"; };
		44DF3CB02A9697C800DC27E5 /* Info.plist */ = {isa = PBXFileReference; lastKnownFileType = text.plist.xml; path = Info.plist; sourceTree = "<group>"; };
		44DF3CB82A969BF800DC27E5 /* GoogleService-Info.plist */ = {isa = PBXFileReference; fileEncoding = 4; lastKnownFileType = text.plist.xml; path = "GoogleService-Info.plist"; sourceTree = "<group>"; };
		44DF3CBC2A9A1C9200DC27E5 /* MainTabBabViewController.swift */ = {isa = PBXFileReference; lastKnownFileType = sourcecode.swift; path = MainTabBabViewController.swift; sourceTree = "<group>"; };
		44DF3CE02A9D463C00DC27E5 /* JournalViewController.swift */ = {isa = PBXFileReference; lastKnownFileType = sourcecode.swift; path = JournalViewController.swift; sourceTree = "<group>"; };
		44DF3CE22A9D464900DC27E5 /* MapViewController.swift */ = {isa = PBXFileReference; lastKnownFileType = sourcecode.swift; path = MapViewController.swift; sourceTree = "<group>"; };
		44DF3CE42A9D465200DC27E5 /* ProfileViewController.swift */ = {isa = PBXFileReference; lastKnownFileType = sourcecode.swift; path = ProfileViewController.swift; sourceTree = "<group>"; };
		44DF3CE62AB01BB000DC27E5 /* OnboardingViewController.swift */ = {isa = PBXFileReference; lastKnownFileType = sourcecode.swift; path = OnboardingViewController.swift; sourceTree = "<group>"; };
		44DF3CE82AB0DBA500DC27E5 /* OnboardingCollectionViewCell.swift */ = {isa = PBXFileReference; lastKnownFileType = sourcecode.swift; path = OnboardingCollectionViewCell.swift; sourceTree = "<group>"; };
		44DF3CEA2AB0E68800DC27E5 /* OnboardingInfo.swift */ = {isa = PBXFileReference; lastKnownFileType = sourcecode.swift; path = OnboardingInfo.swift; sourceTree = "<group>"; };
		44DF3CEC2AB0FE6000DC27E5 /* SetupService.swift */ = {isa = PBXFileReference; lastKnownFileType = sourcecode.swift; path = SetupService.swift; sourceTree = "<group>"; };
		44DF3CEF2AB22C9400DC27E5 /* AuthService.swift */ = {isa = PBXFileReference; lastKnownFileType = sourcecode.swift; path = AuthService.swift; sourceTree = "<group>"; };
		44DF3CF12AB2312700DC27E5 /* DI.swift */ = {isa = PBXFileReference; lastKnownFileType = sourcecode.swift; path = DI.swift; sourceTree = "<group>"; };
		D14D6A0C1732B055E7002A66 /* Pods_autoService.framework */ = {isa = PBXFileReference; explicitFileType = wrapper.framework; includeInIndex = 0; path = Pods_autoService.framework; sourceTree = BUILT_PRODUCTS_DIR; };
		DE2326CCE5FD336532538382 /* Pods-autoService.release.xcconfig */ = {isa = PBXFileReference; includeInIndex = 1; lastKnownFileType = text.xcconfig; name = "Pods-autoService.release.xcconfig"; path = "Target Support Files/Pods-autoService/Pods-autoService.release.xcconfig"; sourceTree = "<group>"; };
/* End PBXFileReference section */

/* Begin PBXFrameworksBuildPhase section */
		44DF3C9C2A9697C200DC27E5 /* Frameworks */ = {
			isa = PBXFrameworksBuildPhase;
			buildActionMask = 2147483647;
			files = (
				EAD1F7A47142A6C31606AAF7 /* Pods_autoService.framework in Frameworks */,
			);
			runOnlyForDeploymentPostprocessing = 0;
		};
/* End PBXFrameworksBuildPhase section */

/* Begin PBXGroup section */
		44C6148A2ACB6C1C00162DA9 /* Authentification */ = {
			isa = PBXGroup;
			children = (
				44C6148B2ACB6C3900162DA9 /* Controllers */,
				44C614982ACB6D6100162DA9 /* Views */,
				44C6149D2ACB6DAC00162DA9 /* Credentials */,
				44DD0B7A2ADF2CEF005019B6 /* Extensions */,
				44C6149E2ACB6DDF00162DA9 /* WebViewController.swift */,
				44C614A22ACB6EB700162DA9 /* User.swift */,
				44C614A42ACB6EC800162DA9 /* AlertManager.swift */,
				44C614A62ACB6EF000162DA9 /* Validator.swift */,
				44DD0B762ADDD761005019B6 /* Errors.swift */,
			);
			path = Authentification;
			sourceTree = "<group>";
		};
		44C6148B2ACB6C3900162DA9 /* Controllers */ = {
			isa = PBXGroup;
			children = (
				44C614B42ACE0E1D00162DA9 /* Login */,
				44DD0B4D2AD204E5005019B6 /* Register */,
				44DD0B562AD20C62005019B6 /* ForgotPassword */,
			);
			path = Controllers;
			sourceTree = "<group>";
		};
		44C614982ACB6D6100162DA9 /* Views */ = {
			isa = PBXGroup;
			children = (
				44C614922ACB6D1C00162DA9 /* AuthHeaderView.swift */,
				44C614942ACB6D3300162DA9 /* AuthTextField.swift */,
				44C614962ACB6D4E00162DA9 /* AuthButton.swift */,
			);
			path = Views;
			sourceTree = "<group>";
		};
		44C6149D2ACB6DAC00162DA9 /* Credentials */ = {
			isa = PBXGroup;
			children = (
				44C614992ACB6D8700162DA9 /* RegisterUserCredentials.swift */,
				44C6149B2ACB6D9C00162DA9 /* LoginUserCredentials.swift */,
			);
			path = Credentials;
			sourceTree = "<group>";
		};
		44C614AF2ACDED9900162DA9 /* Services */ = {
			isa = PBXGroup;
			children = (
				44DF3CEF2AB22C9400DC27E5 /* AuthService.swift */,
				44DF3CEC2AB0FE6000DC27E5 /* SetupService.swift */,
			);
			path = Services;
			sourceTree = "<group>";
		};
		44C614B42ACE0E1D00162DA9 /* Login */ = {
			isa = PBXGroup;
			children = (
				44C6148C2ACB6C5400162DA9 /* LoginViewController.swift */,
				44C614B02ACE0D3E00162DA9 /* LoginInteractor.swift */,
				44C614B22ACE0D4F00162DA9 /* LoginPresenter.swift */,
				440607162AE06A4F00EE8807 /* LoginRouter.swift */,
				44C614B52ACE150900162DA9 /* LoginBuilder.swift */,
			);
			path = Login;
			sourceTree = "<group>";
		};
		44DD0B4D2AD204E5005019B6 /* Register */ = {
			isa = PBXGroup;
			children = (
				44C6148E2ACB6CC900162DA9 /* RegistrationViewController.swift */,
				44DD0B492AD2012F005019B6 /* RegistrationInteractor.swift */,
				44DD0B4B2AD20152005019B6 /* RegistrationPresenter.swift */,
				440607182AE06CF900EE8807 /* RegistrationRouter.swift */,
				44DD0B4E2AD209B4005019B6 /* RegistrationBuilder.swift */,
			);
			path = Register;
			sourceTree = "<group>";
		};
		44DD0B562AD20C62005019B6 /* ForgotPassword */ = {
			isa = PBXGroup;
			children = (
				44C614902ACB6CE500162DA9 /* ForgotPasswordViewController.swift */,
				44DD0B502AD20B4F005019B6 /* ForgorPasswordInteractor.swift */,
				44DD0B522AD20B61005019B6 /* ForgotPasswordPresenter.swift */,
				4406071C2AE0727800EE8807 /* ForgotPasswordRouter.swift */,
				44DD0B542AD20C32005019B6 /* ForgotPasswordBuilder.swift */,
			);
			path = ForgotPassword;
			sourceTree = "<group>";
		};
		44DD0B5B2AD2D2BE005019B6 /* Profile */ = {
			isa = PBXGroup;
			children = (
				44DF3CE42A9D465200DC27E5 /* ProfileViewController.swift */,
				44DD0B572AD2CF7B005019B6 /* ProfileInteractor.swift */,
				44DD0B592AD2CF97005019B6 /* ProfilePresenter.swift */,
				44DD0B5C2AD2D2CF005019B6 /* ProfileBuilder.swift */,
			);
			path = Profile;
			sourceTree = "<group>";
		};
		44DD0B7A2ADF2CEF005019B6 /* Extensions */ = {
			isa = PBXGroup;
			children = (
				44DD0B782ADF2CE5005019B6 /* Extensions.swift */,
			);
			path = Extensions;
			sourceTree = "<group>";
		};
		44DF3C962A9697C200DC27E5 = {
			isa = PBXGroup;
			children = (
				44DF3CA12A9697C200DC27E5 /* autoService */,
				44DF3CA02A9697C200DC27E5 /* Products */,
				CE757E01146453ADA2524822 /* Pods */,
				D5B8FA5B8248E5509151B726 /* Frameworks */,
			);
			sourceTree = "<group>";
		};
		44DF3CA02A9697C200DC27E5 /* Products */ = {
			isa = PBXGroup;
			children = (
				44DF3C9F2A9697C200DC27E5 /* autoService.app */,
			);
			name = Products;
			sourceTree = "<group>";
		};
		44DF3CA12A9697C200DC27E5 /* autoService */ = {
			isa = PBXGroup;
			children = (
				44DF3CA22A9697C200DC27E5 /* AppDelegate.swift */,
				44DF3CA42A9697C200DC27E5 /* SceneDelegate.swift */,
				44DF3CF12AB2312700DC27E5 /* DI.swift */,
				44C614AF2ACDED9900162DA9 /* Services */,
				44C6148A2ACB6C1C00162DA9 /* Authentification */,
				44DF3CBC2A9A1C9200DC27E5 /* MainTabBabViewController.swift */,
				44DF3CE02A9D463C00DC27E5 /* JournalViewController.swift */,
				44DF3CE22A9D464900DC27E5 /* MapViewController.swift */,
				44DD0B5B2AD2D2BE005019B6 /* Profile */,
				44DF3CEE2AB2259700DC27E5 /* Onboarding */,
				44DF3CAB2A9697C800DC27E5 /* Assets.xcassets */,
				44DF3CAD2A9697C800DC27E5 /* LaunchScreen.storyboard */,
				44DF3CB02A9697C800DC27E5 /* Info.plist */,
				44DF3CB82A969BF800DC27E5 /* GoogleService-Info.plist */,
			);
			path = autoService;
			sourceTree = "<group>";
		};
		44DF3CEE2AB2259700DC27E5 /* Onboarding */ = {
			isa = PBXGroup;
			children = (
				44DF3CE62AB01BB000DC27E5 /* OnboardingViewController.swift */,
				44DF3CE82AB0DBA500DC27E5 /* OnboardingCollectionViewCell.swift */,
				44DF3CEA2AB0E68800DC27E5 /* OnboardingInfo.swift */,
				00BD3B592ABB6C9100AB67B3 /* OnboardingInteractor.swift */,
				00BD3B5B2ABB6C9C00AB67B3 /* OnboardingPresenter.swift */,
				4406071A2AE06FEB00EE8807 /* OnboardingRouter.swift */,
				00BD3B5D2ABB756300AB67B3 /* OnboardingBuilder.swift */,
			);
			path = Onboarding;
			sourceTree = "<group>";
		};
		CE757E01146453ADA2524822 /* Pods */ = {
			isa = PBXGroup;
			children = (
				1CFC5FE41DBDB72DEABDE40A /* Pods-autoService.debug.xcconfig */,
				DE2326CCE5FD336532538382 /* Pods-autoService.release.xcconfig */,
			);
			path = Pods;
			sourceTree = "<group>";
		};
		D5B8FA5B8248E5509151B726 /* Frameworks */ = {
			isa = PBXGroup;
			children = (
				D14D6A0C1732B055E7002A66 /* Pods_autoService.framework */,
			);
			name = Frameworks;
			sourceTree = "<group>";
		};
/* End PBXGroup section */

/* Begin PBXNativeTarget section */
		44DF3C9E2A9697C200DC27E5 /* autoService */ = {
			isa = PBXNativeTarget;
			buildConfigurationList = 44DF3CB32A9697C800DC27E5 /* Build configuration list for PBXNativeTarget "autoService" */;
			buildPhases = (
				7CEC163BA1B70E1047E4B653 /* [CP] Check Pods Manifest.lock */,
				44DF3C9B2A9697C200DC27E5 /* Sources */,
				44DF3C9C2A9697C200DC27E5 /* Frameworks */,
				44DF3C9D2A9697C200DC27E5 /* Resources */,
				50F62606B82959949EC02724 /* [CP] Embed Pods Frameworks */,
			);
			buildRules = (
			);
			dependencies = (
			);
			name = autoService;
			productName = autoService;
			productReference = 44DF3C9F2A9697C200DC27E5 /* autoService.app */;
			productType = "com.apple.product-type.application";
		};
/* End PBXNativeTarget section */

/* Begin PBXProject section */
		44DF3C972A9697C200DC27E5 /* Project object */ = {
			isa = PBXProject;
			attributes = {
				BuildIndependentTargetsInParallel = 1;
				LastSwiftUpdateCheck = 1300;
				LastUpgradeCheck = 1300;
				TargetAttributes = {
					44DF3C9E2A9697C200DC27E5 = {
						CreatedOnToolsVersion = 13.0;
					};
				};
			};
			buildConfigurationList = 44DF3C9A2A9697C200DC27E5 /* Build configuration list for PBXProject "autoService" */;
			compatibilityVersion = "Xcode 13.0";
			developmentRegion = en;
			hasScannedForEncodings = 0;
			knownRegions = (
				en,
				Base,
			);
			mainGroup = 44DF3C962A9697C200DC27E5;
			productRefGroup = 44DF3CA02A9697C200DC27E5 /* Products */;
			projectDirPath = "";
			projectRoot = "";
			targets = (
				44DF3C9E2A9697C200DC27E5 /* autoService */,
			);
		};
/* End PBXProject section */

/* Begin PBXResourcesBuildPhase section */
		44DF3C9D2A9697C200DC27E5 /* Resources */ = {
			isa = PBXResourcesBuildPhase;
			buildActionMask = 2147483647;
			files = (
				44DF3CAF2A9697C800DC27E5 /* LaunchScreen.storyboard in Resources */,
				44DF3CB92A969BF800DC27E5 /* GoogleService-Info.plist in Resources */,
				44DF3CAC2A9697C800DC27E5 /* Assets.xcassets in Resources */,
			);
			runOnlyForDeploymentPostprocessing = 0;
		};
/* End PBXResourcesBuildPhase section */

/* Begin PBXShellScriptBuildPhase section */
		50F62606B82959949EC02724 /* [CP] Embed Pods Frameworks */ = {
			isa = PBXShellScriptBuildPhase;
			buildActionMask = 2147483647;
			files = (
			);
			inputFileListPaths = (
				"${PODS_ROOT}/Target Support Files/Pods-autoService/Pods-autoService-frameworks-${CONFIGURATION}-input-files.xcfilelist",
			);
			name = "[CP] Embed Pods Frameworks";
			outputFileListPaths = (
				"${PODS_ROOT}/Target Support Files/Pods-autoService/Pods-autoService-frameworks-${CONFIGURATION}-output-files.xcfilelist",
			);
			runOnlyForDeploymentPostprocessing = 0;
			shellPath = /bin/sh;
			shellScript = "\"${PODS_ROOT}/Target Support Files/Pods-autoService/Pods-autoService-frameworks.sh\"\n";
			showEnvVarsInLog = 0;
		};
		7CEC163BA1B70E1047E4B653 /* [CP] Check Pods Manifest.lock */ = {
			isa = PBXShellScriptBuildPhase;
			buildActionMask = 2147483647;
			files = (
			);
			inputFileListPaths = (
			);
			inputPaths = (
				"${PODS_PODFILE_DIR_PATH}/Podfile.lock",
				"${PODS_ROOT}/Manifest.lock",
			);
			name = "[CP] Check Pods Manifest.lock";
			outputFileListPaths = (
			);
			outputPaths = (
				"$(DERIVED_FILE_DIR)/Pods-autoService-checkManifestLockResult.txt",
			);
			runOnlyForDeploymentPostprocessing = 0;
			shellPath = /bin/sh;
			shellScript = "diff \"${PODS_PODFILE_DIR_PATH}/Podfile.lock\" \"${PODS_ROOT}/Manifest.lock\" > /dev/null\nif [ $? != 0 ] ; then\n    # print error to STDERR\n    echo \"error: The sandbox is not in sync with the Podfile.lock. Run 'pod install' or update your CocoaPods installation.\" >&2\n    exit 1\nfi\n# This output is used by Xcode 'outputs' to avoid re-running this script phase.\necho \"SUCCESS\" > \"${SCRIPT_OUTPUT_FILE_0}\"\n";
			showEnvVarsInLog = 0;
		};
/* End PBXShellScriptBuildPhase section */

/* Begin PBXSourcesBuildPhase section */
		44DF3C9B2A9697C200DC27E5 /* Sources */ = {
			isa = PBXSourcesBuildPhase;
			buildActionMask = 2147483647;
			files = (
				44DF3CBD2A9A1C9200DC27E5 /* MainTabBabViewController.swift in Sources */,
				44C614B62ACE150900162DA9 /* LoginBuilder.swift in Sources */,
				44DD0B5D2AD2D2D0005019B6 /* ProfileBuilder.swift in Sources */,
				00BD3B5A2ABB6C9100AB67B3 /* OnboardingInteractor.swift in Sources */,
				44C6149C2ACB6D9C00162DA9 /* LoginUserCredentials.swift in Sources */,
				44DD0B4C2AD20152005019B6 /* RegistrationPresenter.swift in Sources */,
				44DD0B5A2AD2CF97005019B6 /* ProfilePresenter.swift in Sources */,
				44DF3CE72AB01BB100DC27E5 /* OnboardingViewController.swift in Sources */,
				44C614A32ACB6EB700162DA9 /* User.swift in Sources */,
				44DF3CED2AB0FE6100DC27E5 /* SetupService.swift in Sources */,
				44DF3CA32A9697C200DC27E5 /* AppDelegate.swift in Sources */,
				44DF3CA52A9697C200DC27E5 /* SceneDelegate.swift in Sources */,
				44C614912ACB6CE500162DA9 /* ForgotPasswordViewController.swift in Sources */,
				44DD0B512AD20B4F005019B6 /* ForgorPasswordInteractor.swift in Sources */,
				44DF3CF22AB2312700DC27E5 /* DI.swift in Sources */,
				44C614952ACB6D3300162DA9 /* AuthTextField.swift in Sources */,
				44C614A52ACB6EC800162DA9 /* AlertManager.swift in Sources */,
				44C614A72ACB6EF000162DA9 /* Validator.swift in Sources */,
				44DF3CF02AB22C9400DC27E5 /* AuthService.swift in Sources */,
				44C6148F2ACB6CC900162DA9 /* RegistrationViewController.swift in Sources */,
				44C6149F2ACB6DDF00162DA9 /* WebViewController.swift in Sources */,
				44DF3CE12A9D463C00DC27E5 /* JournalViewController.swift in Sources */,
				44DF3CE92AB0DBA500DC27E5 /* OnboardingCollectionViewCell.swift in Sources */,
				44C6149A2ACB6D8700162DA9 /* RegisterUserCredentials.swift in Sources */,
				44DD0B792ADF2CE5005019B6 /* Extensions.swift in Sources */,
				44C614B12ACE0D3F00162DA9 /* LoginInteractor.swift in Sources */,
				440607172AE06A5000EE8807 /* LoginRouter.swift in Sources */,
				44C614932ACB6D1C00162DA9 /* AuthHeaderView.swift in Sources */,
				44DF3CEB2AB0E68800DC27E5 /* OnboardingInfo.swift in Sources */,
				4406071B2AE06FEB00EE8807 /* OnboardingRouter.swift in Sources */,
				44DD0B4A2AD20130005019B6 /* RegistrationInteractor.swift in Sources */,
				44C614B32ACE0D5000162DA9 /* LoginPresenter.swift in Sources */,
				4406071D2AE0727800EE8807 /* ForgotPasswordRouter.swift in Sources */,
				44DD0B552AD20C32005019B6 /* ForgotPasswordBuilder.swift in Sources */,
				00BD3B5E2ABB756300AB67B3 /* OnboardingBuilder.swift in Sources */,
				44DD0B4F2AD209B4005019B6 /* RegistrationBuilder.swift in Sources */,
				44DD0B582AD2CF7B005019B6 /* ProfileInteractor.swift in Sources */,
				44C614972ACB6D4E00162DA9 /* AuthButton.swift in Sources */,
				44C6148D2ACB6C5400162DA9 /* LoginViewController.swift in Sources */,
				44DD0B532AD20B61005019B6 /* ForgotPasswordPresenter.swift in Sources */,
				44DD0B772ADDD761005019B6 /* Errors.swift in Sources */,
				00BD3B5C2ABB6C9C00AB67B3 /* OnboardingPresenter.swift in Sources */,
				44DF3CE52A9D465200DC27E5 /* ProfileViewController.swift in Sources */,
				44DF3CE32A9D464900DC27E5 /* MapViewController.swift in Sources */,
				440607192AE06CF900EE8807 /* RegistrationRouter.swift in Sources */,
			);
			runOnlyForDeploymentPostprocessing = 0;
		};
/* End PBXSourcesBuildPhase section */

/* Begin PBXVariantGroup section */
		44DF3CAD2A9697C800DC27E5 /* LaunchScreen.storyboard */ = {
			isa = PBXVariantGroup;
			children = (
				44DF3CAE2A9697C800DC27E5 /* Base */,
			);
			name = LaunchScreen.storyboard;
			sourceTree = "<group>";
		};
/* End PBXVariantGroup section */

/* Begin XCBuildConfiguration section */
		44DF3CB12A9697C800DC27E5 /* Debug */ = {
			isa = XCBuildConfiguration;
			buildSettings = {
				ALWAYS_SEARCH_USER_PATHS = NO;
				CLANG_ANALYZER_NONNULL = YES;
				CLANG_ANALYZER_NUMBER_OBJECT_CONVERSION = YES_AGGRESSIVE;
				CLANG_CXX_LANGUAGE_STANDARD = "gnu++17";
				CLANG_CXX_LIBRARY = "libc++";
				CLANG_ENABLE_MODULES = YES;
				CLANG_ENABLE_OBJC_ARC = YES;
				CLANG_ENABLE_OBJC_WEAK = YES;
				CLANG_WARN_BLOCK_CAPTURE_AUTORELEASING = YES;
				CLANG_WARN_BOOL_CONVERSION = YES;
				CLANG_WARN_COMMA = YES;
				CLANG_WARN_CONSTANT_CONVERSION = YES;
				CLANG_WARN_DEPRECATED_OBJC_IMPLEMENTATIONS = YES;
				CLANG_WARN_DIRECT_OBJC_ISA_USAGE = YES_ERROR;
				CLANG_WARN_DOCUMENTATION_COMMENTS = YES;
				CLANG_WARN_EMPTY_BODY = YES;
				CLANG_WARN_ENUM_CONVERSION = YES;
				CLANG_WARN_INFINITE_RECURSION = YES;
				CLANG_WARN_INT_CONVERSION = YES;
				CLANG_WARN_NON_LITERAL_NULL_CONVERSION = YES;
				CLANG_WARN_OBJC_IMPLICIT_RETAIN_SELF = YES;
				CLANG_WARN_OBJC_LITERAL_CONVERSION = YES;
				CLANG_WARN_OBJC_ROOT_CLASS = YES_ERROR;
				CLANG_WARN_QUOTED_INCLUDE_IN_FRAMEWORK_HEADER = YES;
				CLANG_WARN_RANGE_LOOP_ANALYSIS = YES;
				CLANG_WARN_STRICT_PROTOTYPES = YES;
				CLANG_WARN_SUSPICIOUS_MOVE = YES;
				CLANG_WARN_UNGUARDED_AVAILABILITY = YES_AGGRESSIVE;
				CLANG_WARN_UNREACHABLE_CODE = YES;
				CLANG_WARN__DUPLICATE_METHOD_MATCH = YES;
				COPY_PHASE_STRIP = NO;
				DEBUG_INFORMATION_FORMAT = dwarf;
				ENABLE_STRICT_OBJC_MSGSEND = YES;
				ENABLE_TESTABILITY = YES;
				GCC_C_LANGUAGE_STANDARD = gnu11;
				GCC_DYNAMIC_NO_PIC = NO;
				GCC_NO_COMMON_BLOCKS = YES;
				GCC_OPTIMIZATION_LEVEL = 0;
				GCC_PREPROCESSOR_DEFINITIONS = (
					"DEBUG=1",
					"$(inherited)",
				);
				GCC_WARN_64_TO_32_BIT_CONVERSION = YES;
				GCC_WARN_ABOUT_RETURN_TYPE = YES_ERROR;
				GCC_WARN_UNDECLARED_SELECTOR = YES;
				GCC_WARN_UNINITIALIZED_AUTOS = YES_AGGRESSIVE;
				GCC_WARN_UNUSED_FUNCTION = YES;
				GCC_WARN_UNUSED_VARIABLE = YES;
				IPHONEOS_DEPLOYMENT_TARGET = 15.0;
				MTL_ENABLE_DEBUG_INFO = INCLUDE_SOURCE;
				MTL_FAST_MATH = YES;
				ONLY_ACTIVE_ARCH = YES;
				SDKROOT = iphoneos;
				SWIFT_ACTIVE_COMPILATION_CONDITIONS = DEBUG;
				SWIFT_OPTIMIZATION_LEVEL = "-Onone";
			};
			name = Debug;
		};
		44DF3CB22A9697C800DC27E5 /* Release */ = {
			isa = XCBuildConfiguration;
			buildSettings = {
				ALWAYS_SEARCH_USER_PATHS = NO;
				CLANG_ANALYZER_NONNULL = YES;
				CLANG_ANALYZER_NUMBER_OBJECT_CONVERSION = YES_AGGRESSIVE;
				CLANG_CXX_LANGUAGE_STANDARD = "gnu++17";
				CLANG_CXX_LIBRARY = "libc++";
				CLANG_ENABLE_MODULES = YES;
				CLANG_ENABLE_OBJC_ARC = YES;
				CLANG_ENABLE_OBJC_WEAK = YES;
				CLANG_WARN_BLOCK_CAPTURE_AUTORELEASING = YES;
				CLANG_WARN_BOOL_CONVERSION = YES;
				CLANG_WARN_COMMA = YES;
				CLANG_WARN_CONSTANT_CONVERSION = YES;
				CLANG_WARN_DEPRECATED_OBJC_IMPLEMENTATIONS = YES;
				CLANG_WARN_DIRECT_OBJC_ISA_USAGE = YES_ERROR;
				CLANG_WARN_DOCUMENTATION_COMMENTS = YES;
				CLANG_WARN_EMPTY_BODY = YES;
				CLANG_WARN_ENUM_CONVERSION = YES;
				CLANG_WARN_INFINITE_RECURSION = YES;
				CLANG_WARN_INT_CONVERSION = YES;
				CLANG_WARN_NON_LITERAL_NULL_CONVERSION = YES;
				CLANG_WARN_OBJC_IMPLICIT_RETAIN_SELF = YES;
				CLANG_WARN_OBJC_LITERAL_CONVERSION = YES;
				CLANG_WARN_OBJC_ROOT_CLASS = YES_ERROR;
				CLANG_WARN_QUOTED_INCLUDE_IN_FRAMEWORK_HEADER = YES;
				CLANG_WARN_RANGE_LOOP_ANALYSIS = YES;
				CLANG_WARN_STRICT_PROTOTYPES = YES;
				CLANG_WARN_SUSPICIOUS_MOVE = YES;
				CLANG_WARN_UNGUARDED_AVAILABILITY = YES_AGGRESSIVE;
				CLANG_WARN_UNREACHABLE_CODE = YES;
				CLANG_WARN__DUPLICATE_METHOD_MATCH = YES;
				COPY_PHASE_STRIP = NO;
				DEBUG_INFORMATION_FORMAT = "dwarf-with-dsym";
				ENABLE_NS_ASSERTIONS = NO;
				ENABLE_STRICT_OBJC_MSGSEND = YES;
				GCC_C_LANGUAGE_STANDARD = gnu11;
				GCC_NO_COMMON_BLOCKS = YES;
				GCC_WARN_64_TO_32_BIT_CONVERSION = YES;
				GCC_WARN_ABOUT_RETURN_TYPE = YES_ERROR;
				GCC_WARN_UNDECLARED_SELECTOR = YES;
				GCC_WARN_UNINITIALIZED_AUTOS = YES_AGGRESSIVE;
				GCC_WARN_UNUSED_FUNCTION = YES;
				GCC_WARN_UNUSED_VARIABLE = YES;
				IPHONEOS_DEPLOYMENT_TARGET = 15.0;
				MTL_ENABLE_DEBUG_INFO = NO;
				MTL_FAST_MATH = YES;
				SDKROOT = iphoneos;
				SWIFT_COMPILATION_MODE = wholemodule;
				SWIFT_OPTIMIZATION_LEVEL = "-O";
				VALIDATE_PRODUCT = YES;
			};
			name = Release;
		};
		44DF3CB42A9697C800DC27E5 /* Debug */ = {
			isa = XCBuildConfiguration;
			baseConfigurationReference = 1CFC5FE41DBDB72DEABDE40A /* Pods-autoService.debug.xcconfig */;
			buildSettings = {
				ASSETCATALOG_COMPILER_APPICON_NAME = AppIcon;
				ASSETCATALOG_COMPILER_GLOBAL_ACCENT_COLOR_NAME = AccentColor;
				CODE_SIGN_STYLE = Automatic;
				CURRENT_PROJECT_VERSION = 1;
				GENERATE_INFOPLIST_FILE = YES;
				INFOPLIST_FILE = autoService/Info.plist;
				INFOPLIST_KEY_UIApplicationSupportsIndirectInputEvents = YES;
				INFOPLIST_KEY_UILaunchStoryboardName = LaunchScreen;
				INFOPLIST_KEY_UISupportedInterfaceOrientations_iPad = "UIInterfaceOrientationPortrait UIInterfaceOrientationPortraitUpsideDown UIInterfaceOrientationLandscapeLeft UIInterfaceOrientationLandscapeRight";
				INFOPLIST_KEY_UISupportedInterfaceOrientations_iPhone = "UIInterfaceOrientationPortrait UIInterfaceOrientationLandscapeLeft UIInterfaceOrientationLandscapeRight";
				LD_RUNPATH_SEARCH_PATHS = (
					"$(inherited)",
					"@executable_path/Frameworks",
				);
				MARKETING_VERSION = 1.0;
				PRODUCT_BUNDLE_IDENTIFIER = jaha.autoService;
				PRODUCT_NAME = "$(TARGET_NAME)";
				SWIFT_EMIT_LOC_STRINGS = YES;
				SWIFT_VERSION = 5.0;
				TARGETED_DEVICE_FAMILY = "1,2";
			};
			name = Debug;
		};
		44DF3CB52A9697C800DC27E5 /* Release */ = {
			isa = XCBuildConfiguration;
			baseConfigurationReference = DE2326CCE5FD336532538382 /* Pods-autoService.release.xcconfig */;
			buildSettings = {
				ASSETCATALOG_COMPILER_APPICON_NAME = AppIcon;
				ASSETCATALOG_COMPILER_GLOBAL_ACCENT_COLOR_NAME = AccentColor;
				CODE_SIGN_STYLE = Automatic;
				CURRENT_PROJECT_VERSION = 1;
				GENERATE_INFOPLIST_FILE = YES;
				INFOPLIST_FILE = autoService/Info.plist;
				INFOPLIST_KEY_UIApplicationSupportsIndirectInputEvents = YES;
				INFOPLIST_KEY_UILaunchStoryboardName = LaunchScreen;
				INFOPLIST_KEY_UISupportedInterfaceOrientations_iPad = "UIInterfaceOrientationPortrait UIInterfaceOrientationPortraitUpsideDown UIInterfaceOrientationLandscapeLeft UIInterfaceOrientationLandscapeRight";
				INFOPLIST_KEY_UISupportedInterfaceOrientations_iPhone = "UIInterfaceOrientationPortrait UIInterfaceOrientationLandscapeLeft UIInterfaceOrientationLandscapeRight";
				LD_RUNPATH_SEARCH_PATHS = (
					"$(inherited)",
					"@executable_path/Frameworks",
				);
				MARKETING_VERSION = 1.0;
				PRODUCT_BUNDLE_IDENTIFIER = jaha.autoService;
				PRODUCT_NAME = "$(TARGET_NAME)";
				SWIFT_EMIT_LOC_STRINGS = YES;
				SWIFT_VERSION = 5.0;
				TARGETED_DEVICE_FAMILY = "1,2";
			};
			name = Release;
		};
/* End XCBuildConfiguration section */

/* Begin XCConfigurationList section */
		44DF3C9A2A9697C200DC27E5 /* Build configuration list for PBXProject "autoService" */ = {
			isa = XCConfigurationList;
			buildConfigurations = (
				44DF3CB12A9697C800DC27E5 /* Debug */,
				44DF3CB22A9697C800DC27E5 /* Release */,
			);
			defaultConfigurationIsVisible = 0;
			defaultConfigurationName = Release;
		};
		44DF3CB32A9697C800DC27E5 /* Build configuration list for PBXNativeTarget "autoService" */ = {
			isa = XCConfigurationList;
			buildConfigurations = (
				44DF3CB42A9697C800DC27E5 /* Debug */,
				44DF3CB52A9697C800DC27E5 /* Release */,
			);
			defaultConfigurationIsVisible = 0;
			defaultConfigurationName = Release;
		};
/* End XCConfigurationList section */
	};
	rootObject = 44DF3C972A9697C200DC27E5 /* Project object */;
}
